// !$*UTF8*$!
{
	archiveVersion = 1;
	classes = {
	};
	objectVersion = 50;
	objects = {

/* Begin PBXBuildFile section */
		9B3478362234349F00AC333C /* AppDelegate.swift in Sources */ = {isa = PBXBuildFile; fileRef = 9B3478352234349F00AC333C /* AppDelegate.swift */; };
		9B3478382234349F00AC333C /* ViewController.swift in Sources */ = {isa = PBXBuildFile; fileRef = 9B3478372234349F00AC333C /* ViewController.swift */; };
		9B34783B2234349F00AC333C /* Main.storyboard in Resources */ = {isa = PBXBuildFile; fileRef = 9B3478392234349F00AC333C /* Main.storyboard */; };
		9B34783D2234349F00AC333C /* Assets.xcassets in Resources */ = {isa = PBXBuildFile; fileRef = 9B34783C2234349F00AC333C /* Assets.xcassets */; };
		9B3478402234349F00AC333C /* LaunchScreen.storyboard in Resources */ = {isa = PBXBuildFile; fileRef = 9B34783E2234349F00AC333C /* LaunchScreen.storyboard */; };
		9B34787E2234403F00AC333C /* flag-of-Andorra.png in Resources */ = {isa = PBXBuildFile; fileRef = 9B34786C2234403F00AC333C /* flag-of-Andorra.png */; };
		9B34787F2234403F00AC333C /* flag-of-Bangladesh.png in Resources */ = {isa = PBXBuildFile; fileRef = 9B34786D2234403F00AC333C /* flag-of-Bangladesh.png */; };
		9B3478802234403F00AC333C /* flag-of-Belgium.png in Resources */ = {isa = PBXBuildFile; fileRef = 9B34786E2234403F00AC333C /* flag-of-Belgium.png */; };
		9B3478812234403F00AC333C /* flag-of-Afghanistan.png in Resources */ = {isa = PBXBuildFile; fileRef = 9B34786F2234403F00AC333C /* flag-of-Afghanistan.png */; };
		9B3478822234403F00AC333C /* flag-of-Angola.png in Resources */ = {isa = PBXBuildFile; fileRef = 9B3478702234403F00AC333C /* flag-of-Angola.png */; };
		9B3478832234403F00AC333C /* flag-of-Austria.png in Resources */ = {isa = PBXBuildFile; fileRef = 9B3478712234403F00AC333C /* flag-of-Austria.png */; };
		9B3478842234403F00AC333C /* flag-of-Albania.png in Resources */ = {isa = PBXBuildFile; fileRef = 9B3478722234403F00AC333C /* flag-of-Albania.png */; };
		9B3478852234403F00AC333C /* flag-of-Argentina.png in Resources */ = {isa = PBXBuildFile; fileRef = 9B3478732234403F00AC333C /* flag-of-Argentina.png */; };
		9B3478862234403F00AC333C /* flag-of-Barbados.png in Resources */ = {isa = PBXBuildFile; fileRef = 9B3478742234403F00AC333C /* flag-of-Barbados.png */; };
		9B3478872234403F00AC333C /* flag-of-Belarus.png in Resources */ = {isa = PBXBuildFile; fileRef = 9B3478752234403F00AC333C /* flag-of-Belarus.png */; };
		9B3478882234403F00AC333C /* flag-of-Belize.png in Resources */ = {isa = PBXBuildFile; fileRef = 9B3478762234403F00AC333C /* flag-of-Belize.png */; };
		9B3478892234403F00AC333C /* flag-of-Algeria.png in Resources */ = {isa = PBXBuildFile; fileRef = 9B3478772234403F00AC333C /* flag-of-Algeria.png */; };
		9B34788A2234403F00AC333C /* flag-of-Antigua.png in Resources */ = {isa = PBXBuildFile; fileRef = 9B3478782234403F00AC333C /* flag-of-Antigua.png */; };
		9B34788B2234403F00AC333C /* flag-of-Azerbaijan.png in Resources */ = {isa = PBXBuildFile; fileRef = 9B3478792234403F00AC333C /* flag-of-Azerbaijan.png */; };
		9B34788C2234403F00AC333C /* flag-of-Bahamas.png in Resources */ = {isa = PBXBuildFile; fileRef = 9B34787A2234403F00AC333C /* flag-of-Bahamas.png */; };
		9B34788D2234403F00AC333C /* flag-of-Bahrain.png in Resources */ = {isa = PBXBuildFile; fileRef = 9B34787B2234403F00AC333C /* flag-of-Bahrain.png */; };
		9B34788E2234403F00AC333C /* flag-of-Armenia.png in Resources */ = {isa = PBXBuildFile; fileRef = 9B34787C2234403F00AC333C /* flag-of-Armenia.png */; };
		9B34788F2234403F00AC333C /* flag-of-Australia.png in Resources */ = {isa = PBXBuildFile; fileRef = 9B34787D2234403F00AC333C /* flag-of-Australia.png */; };
		9B347892223440F600AC333C /* Country.swift in Sources */ = {isa = PBXBuildFile; fileRef = 9B347891223440F600AC333C /* Country.swift */; };
		9B3478942234418600AC333C /* CountryWithFlagTblVwControllerTableViewController.swift in Sources */ = {isa = PBXBuildFile; fileRef = 9B3478932234418600AC333C /* CountryWithFlagTblVwControllerTableViewController.swift */; };
/* End PBXBuildFile section */

/* Begin PBXFileReference section */
		9B3478322234349F00AC333C /* Sat(09-03)iOS.app */ = {isa = PBXFileReference; explicitFileType = wrapper.application; includeInIndex = 0; path = "Sat(09-03)iOS.app"; sourceTree = BUILT_PRODUCTS_DIR; };
		9B3478352234349F00AC333C /* AppDelegate.swift */ = {isa = PBXFileReference; lastKnownFileType = sourcecode.swift; path = AppDelegate.swift; sourceTree = "<group>"; };
		9B3478372234349F00AC333C /* ViewController.swift */ = {isa = PBXFileReference; lastKnownFileType = sourcecode.swift; path = ViewController.swift; sourceTree = "<group>"; };
		9B34783A2234349F00AC333C /* Base */ = {isa = PBXFileReference; lastKnownFileType = file.storyboard; name = Base; path = Base.lproj/Main.storyboard; sourceTree = "<group>"; };
		9B34783C2234349F00AC333C /* Assets.xcassets */ = {isa = PBXFileReference; lastKnownFileType = folder.assetcatalog; path = Assets.xcassets; sourceTree = "<group>"; };
		9B34783F2234349F00AC333C /* Base */ = {isa = PBXFileReference; lastKnownFileType = file.storyboard; name = Base; path = Base.lproj/LaunchScreen.storyboard; sourceTree = "<group>"; };
		9B3478412234349F00AC333C /* Info.plist */ = {isa = PBXFileReference; lastKnownFileType = text.plist.xml; path = Info.plist; sourceTree = "<group>"; };
		9B34786C2234403F00AC333C /* flag-of-Andorra.png */ = {isa = PBXFileReference; lastKnownFileType = image.png; name = "flag-of-Andorra.png"; path = "../../../../Downloads/countries/flag-of-Andorra.png"; sourceTree = "<group>"; };
		9B34786D2234403F00AC333C /* flag-of-Bangladesh.png */ = {isa = PBXFileReference; lastKnownFileType = image.png; name = "flag-of-Bangladesh.png"; path = "../../../../Downloads/countries/flag-of-Bangladesh.png"; sourceTree = "<group>"; };
		9B34786E2234403F00AC333C /* flag-of-Belgium.png */ = {isa = PBXFileReference; lastKnownFileType = image.png; name = "flag-of-Belgium.png"; path = "../../../../Downloads/countries/flag-of-Belgium.png"; sourceTree = "<group>"; };
		9B34786F2234403F00AC333C /* flag-of-Afghanistan.png */ = {isa = PBXFileReference; lastKnownFileType = image.png; name = "flag-of-Afghanistan.png"; path = "../../../../Downloads/countries/flag-of-Afghanistan.png"; sourceTree = "<group>"; };
		9B3478702234403F00AC333C /* flag-of-Angola.png */ = {isa = PBXFileReference; lastKnownFileType = image.png; name = "flag-of-Angola.png"; path = "../../../../Downloads/countries/flag-of-Angola.png"; sourceTree = "<group>"; };
		9B3478712234403F00AC333C /* flag-of-Austria.png */ = {isa = PBXFileReference; lastKnownFileType = image.png; name = "flag-of-Austria.png"; path = "../../../../Downloads/countries/flag-of-Austria.png"; sourceTree = "<group>"; };
		9B3478722234403F00AC333C /* flag-of-Albania.png */ = {isa = PBXFileReference; lastKnownFileType = image.png; name = "flag-of-Albania.png"; path = "../../../../Downloads/countries/flag-of-Albania.png"; sourceTree = "<group>"; };
		9B3478732234403F00AC333C /* flag-of-Argentina.png */ = {isa = PBXFileReference; lastKnownFileType = image.png; name = "flag-of-Argentina.png"; path = "../../../../Downloads/countries/flag-of-Argentina.png"; sourceTree = "<group>"; };
		9B3478742234403F00AC333C /* flag-of-Barbados.png */ = {isa = PBXFileReference; lastKnownFileType = image.png; name = "flag-of-Barbados.png"; path = "../../../../Downloads/countries/flag-of-Barbados.png"; sourceTree = "<group>"; };
		9B3478752234403F00AC333C /* flag-of-Belarus.png */ = {isa = PBXFileReference; lastKnownFileType = image.png; name = "flag-of-Belarus.png"; path = "../../../../Downloads/countries/flag-of-Belarus.png"; sourceTree = "<group>"; };
		9B3478762234403F00AC333C /* flag-of-Belize.png */ = {isa = PBXFileReference; lastKnownFileType = image.png; name = "flag-of-Belize.png"; path = "../../../../Downloads/countries/flag-of-Belize.png"; sourceTree = "<group>"; };
		9B3478772234403F00AC333C /* flag-of-Algeria.png */ = {isa = PBXFileReference; lastKnownFileType = image.png; name = "flag-of-Algeria.png"; path = "../../../../Downloads/countries/flag-of-Algeria.png"; sourceTree = "<group>"; };
		9B3478782234403F00AC333C /* flag-of-Antigua.png */ = {isa = PBXFileReference; lastKnownFileType = image.png; name = "flag-of-Antigua.png"; path = "../../../../Downloads/countries/flag-of-Antigua.png"; sourceTree = "<group>"; };
		9B3478792234403F00AC333C /* flag-of-Azerbaijan.png */ = {isa = PBXFileReference; lastKnownFileType = image.png; name = "flag-of-Azerbaijan.png"; path = "../../../../Downloads/countries/flag-of-Azerbaijan.png"; sourceTree = "<group>"; };
		9B34787A2234403F00AC333C /* flag-of-Bahamas.png */ = {isa = PBXFileReference; lastKnownFileType = image.png; name = "flag-of-Bahamas.png"; path = "../../../../Downloads/countries/flag-of-Bahamas.png"; sourceTree = "<group>"; };
		9B34787B2234403F00AC333C /* flag-of-Bahrain.png */ = {isa = PBXFileReference; lastKnownFileType = image.png; name = "flag-of-Bahrain.png"; path = "../../../../Downloads/countries/flag-of-Bahrain.png"; sourceTree = "<group>"; };
		9B34787C2234403F00AC333C /* flag-of-Armenia.png */ = {isa = PBXFileReference; lastKnownFileType = image.png; name = "flag-of-Armenia.png"; path = "../../../../Downloads/countries/flag-of-Armenia.png"; sourceTree = "<group>"; };
		9B34787D2234403F00AC333C /* flag-of-Australia.png */ = {isa = PBXFileReference; lastKnownFileType = image.png; name = "flag-of-Australia.png"; path = "../../../../Downloads/countries/flag-of-Australia.png"; sourceTree = "<group>"; };
		9B347891223440F600AC333C /* Country.swift */ = {isa = PBXFileReference; lastKnownFileType = sourcecode.swift; path = Country.swift; sourceTree = "<group>"; };
		9B3478932234418600AC333C /* CountryWithFlagTblVwControllerTableViewController.swift */ = {isa = PBXFileReference; lastKnownFileType = sourcecode.swift; path = CountryWithFlagTblVwControllerTableViewController.swift; sourceTree = "<group>"; };
/* End PBXFileReference section */

/* Begin PBXFrameworksBuildPhase section */
		9B34782F2234349F00AC333C /* Frameworks */ = {
			isa = PBXFrameworksBuildPhase;
			buildActionMask = 2147483647;
			files = (
			);
			runOnlyForDeploymentPostprocessing = 0;
		};
/* End PBXFrameworksBuildPhase section */

/* Begin PBXGroup section */
		9B3478292234349F00AC333C = {
			isa = PBXGroup;
			children = (
				9B3478342234349F00AC333C /* Sat(09-03)iOS */,
				9B3478332234349F00AC333C /* Products */,
			);
			sourceTree = "<group>";
		};
		9B3478332234349F00AC333C /* Products */ = {
			isa = PBXGroup;
			children = (
				9B3478322234349F00AC333C /* Sat(09-03)iOS.app */,
			);
			name = Products;
			sourceTree = "<group>";
		};
		9B3478342234349F00AC333C /* Sat(09-03)iOS */ = {
			isa = PBXGroup;
			children = (
				9B347890223440E100AC333C /* models */,
				9B34784722343FBE00AC333C /* Images */,
				9B3478352234349F00AC333C /* AppDelegate.swift */,
				9B3478372234349F00AC333C /* ViewController.swift */,
				9B3478392234349F00AC333C /* Main.storyboard */,
				9B34783C2234349F00AC333C /* Assets.xcassets */,
				9B34783E2234349F00AC333C /* LaunchScreen.storyboard */,
				9B3478412234349F00AC333C /* Info.plist */,
				9B3478932234418600AC333C /* CountryWithFlagTblVwControllerTableViewController.swift */,
			);
			path = "Sat(09-03)iOS";
			sourceTree = "<group>";
		};
		9B34784722343FBE00AC333C /* Images */ = {
			isa = PBXGroup;
			children = (
				9B34786F2234403F00AC333C /* flag-of-Afghanistan.png */,
				9B3478722234403F00AC333C /* flag-of-Albania.png */,
				9B3478772234403F00AC333C /* flag-of-Algeria.png */,
				9B34786C2234403F00AC333C /* flag-of-Andorra.png */,
				9B3478702234403F00AC333C /* flag-of-Angola.png */,
				9B3478782234403F00AC333C /* flag-of-Antigua.png */,
				9B3478732234403F00AC333C /* flag-of-Argentina.png */,
				9B34787C2234403F00AC333C /* flag-of-Armenia.png */,
				9B34787D2234403F00AC333C /* flag-of-Australia.png */,
				9B3478712234403F00AC333C /* flag-of-Austria.png */,
				9B3478792234403F00AC333C /* flag-of-Azerbaijan.png */,
				9B34787A2234403F00AC333C /* flag-of-Bahamas.png */,
				9B34787B2234403F00AC333C /* flag-of-Bahrain.png */,
				9B34786D2234403F00AC333C /* flag-of-Bangladesh.png */,
				9B3478742234403F00AC333C /* flag-of-Barbados.png */,
				9B3478752234403F00AC333C /* flag-of-Belarus.png */,
				9B34786E2234403F00AC333C /* flag-of-Belgium.png */,
				9B3478762234403F00AC333C /* flag-of-Belize.png */,
			);
			path = Images;
			sourceTree = "<group>";
		};
		9B347890223440E100AC333C /* models */ = {
			isa = PBXGroup;
			children = (
				9B347891223440F600AC333C /* Country.swift */,
			);
			path = models;
			sourceTree = "<group>";
		};
/* End PBXGroup section */

/* Begin PBXNativeTarget section */
		9B3478312234349F00AC333C /* Sat(09-03)iOS */ = {
			isa = PBXNativeTarget;
			buildConfigurationList = 9B3478442234349F00AC333C /* Build configuration list for PBXNativeTarget "Sat(09-03)iOS" */;
			buildPhases = (
				9B34782E2234349F00AC333C /* Sources */,
				9B34782F2234349F00AC333C /* Frameworks */,
				9B3478302234349F00AC333C /* Resources */,
			);
			buildRules = (
			);
			dependencies = (
			);
			name = "Sat(09-03)iOS";
			productName = "Sat(09-03)iOS";
			productReference = 9B3478322234349F00AC333C /* Sat(09-03)iOS.app */;
			productType = "com.apple.product-type.application";
		};
/* End PBXNativeTarget section */

/* Begin PBXProject section */
		9B34782A2234349F00AC333C /* Project object */ = {
			isa = PBXProject;
			attributes = {
				LastSwiftUpdateCheck = 1010;
				LastUpgradeCheck = 1010;
				ORGANIZATIONNAME = MacStudent;
				TargetAttributes = {
					9B3478312234349F00AC333C = {
						CreatedOnToolsVersion = 10.1;
					};
				};
			};
			buildConfigurationList = 9B34782D2234349F00AC333C /* Build configuration list for PBXProject "Sat(09-03)iOS" */;
			compatibilityVersion = "Xcode 9.3";
			developmentRegion = en;
			hasScannedForEncodings = 0;
			knownRegions = (
				en,
				Base,
			);
			mainGroup = 9B3478292234349F00AC333C;
			productRefGroup = 9B3478332234349F00AC333C /* Products */;
			projectDirPath = "";
			projectRoot = "";
			targets = (
				9B3478312234349F00AC333C /* Sat(09-03)iOS */,
			);
		};
/* End PBXProject section */

/* Begin PBXResourcesBuildPhase section */
		9B3478302234349F00AC333C /* Resources */ = {
			isa = PBXResourcesBuildPhase;
			buildActionMask = 2147483647;
			files = (
				9B34788E2234403F00AC333C /* flag-of-Armenia.png in Resources */,
				9B34788F2234403F00AC333C /* flag-of-Australia.png in Resources */,
				9B3478822234403F00AC333C /* flag-of-Angola.png in Resources */,
				9B3478842234403F00AC333C /* flag-of-Albania.png in Resources */,
				9B34787F2234403F00AC333C /* flag-of-Bangladesh.png in Resources */,
				9B34788D2234403F00AC333C /* flag-of-Bahrain.png in Resources */,
				9B3478402234349F00AC333C /* LaunchScreen.storyboard in Resources */,
				9B3478802234403F00AC333C /* flag-of-Belgium.png in Resources */,
				9B34783D2234349F00AC333C /* Assets.xcassets in Resources */,
				9B3478862234403F00AC333C /* flag-of-Barbados.png in Resources */,
				9B34787E2234403F00AC333C /* flag-of-Andorra.png in Resources */,
				9B34788A2234403F00AC333C /* flag-of-Antigua.png in Resources */,
				9B3478832234403F00AC333C /* flag-of-Austria.png in Resources */,
				9B3478892234403F00AC333C /* flag-of-Algeria.png in Resources */,
				9B3478812234403F00AC333C /* flag-of-Afghanistan.png in Resources */,
				9B3478872234403F00AC333C /* flag-of-Belarus.png in Resources */,
				9B3478882234403F00AC333C /* flag-of-Belize.png in Resources */,
				9B34788C2234403F00AC333C /* flag-of-Bahamas.png in Resources */,
				9B34783B2234349F00AC333C /* Main.storyboard in Resources */,
				9B34788B2234403F00AC333C /* flag-of-Azerbaijan.png in Resources */,
				9B3478852234403F00AC333C /* flag-of-Argentina.png in Resources */,
			);
			runOnlyForDeploymentPostprocessing = 0;
		};
/* End PBXResourcesBuildPhase section */

/* Begin PBXSourcesBuildPhase section */
		9B34782E2234349F00AC333C /* Sources */ = {
			isa = PBXSourcesBuildPhase;
			buildActionMask = 2147483647;
			files = (
				9B3478382234349F00AC333C /* ViewController.swift in Sources */,
				9B347892223440F600AC333C /* Country.swift in Sources */,
				9B3478942234418600AC333C /* CountryWithFlagTblVwControllerTableViewController.swift in Sources */,
				9B3478362234349F00AC333C /* AppDelegate.swift in Sources */,
			);
			runOnlyForDeploymentPostprocessing = 0;
		};
/* End PBXSourcesBuildPhase section */

/* Begin PBXVariantGroup section */
		9B3478392234349F00AC333C /* Main.storyboard */ = {
			isa = PBXVariantGroup;
			children = (
				9B34783A2234349F00AC333C /* Base */,
			);
			name = Main.storyboard;
			sourceTree = "<group>";
		};
		9B34783E2234349F00AC333C /* LaunchScreen.storyboard */ = {
			isa = PBXVariantGroup;
			children = (
				9B34783F2234349F00AC333C /* Base */,
			);
			name = LaunchScreen.storyboard;
			sourceTree = "<group>";
		};
/* End PBXVariantGroup section */

/* Begin XCBuildConfiguration section */
		9B3478422234349F00AC333C /* Debug */ = {
			isa = XCBuildConfiguration;
			buildSettings = {
				ALWAYS_SEARCH_USER_PATHS = NO;
				CLANG_ANALYZER_NONNULL = YES;
				CLANG_ANALYZER_NUMBER_OBJECT_CONVERSION = YES_AGGRESSIVE;
				CLANG_CXX_LANGUAGE_STANDARD = "gnu++14";
				CLANG_CXX_LIBRARY = "libc++";
				CLANG_ENABLE_MODULES = YES;
				CLANG_ENABLE_OBJC_ARC = YES;
				CLANG_ENABLE_OBJC_WEAK = YES;
				CLANG_WARN_BLOCK_CAPTURE_AUTORELEASING = YES;
				CLANG_WARN_BOOL_CONVERSION = YES;
				CLANG_WARN_COMMA = YES;
				CLANG_WARN_CONSTANT_CONVERSION = YES;
				CLANG_WARN_DEPRECATED_OBJC_IMPLEMENTATIONS = YES;
				CLANG_WARN_DIRECT_OBJC_ISA_USAGE = YES_ERROR;
				CLANG_WARN_DOCUMENTATION_COMMENTS = YES;
				CLANG_WARN_EMPTY_BODY = YES;
				CLANG_WARN_ENUM_CONVERSION = YES;
				CLANG_WARN_INFINITE_RECURSION = YES;
				CLANG_WARN_INT_CONVERSION = YES;
				CLANG_WARN_NON_LITERAL_NULL_CONVERSION = YES;
				CLANG_WARN_OBJC_IMPLICIT_RETAIN_SELF = YES;
				CLANG_WARN_OBJC_LITERAL_CONVERSION = YES;
				CLANG_WARN_OBJC_ROOT_CLASS = YES_ERROR;
				CLANG_WARN_RANGE_LOOP_ANALYSIS = YES;
				CLANG_WARN_STRICT_PROTOTYPES = YES;
				CLANG_WARN_SUSPICIOUS_MOVE = YES;
				CLANG_WARN_UNGUARDED_AVAILABILITY = YES_AGGRESSIVE;
				CLANG_WARN_UNREACHABLE_CODE = YES;
				CLANG_WARN__DUPLICATE_METHOD_MATCH = YES;
				CODE_SIGN_IDENTITY = "iPhone Developer";
				COPY_PHASE_STRIP = NO;
				DEBUG_INFORMATION_FORMAT = dwarf;
				ENABLE_STRICT_OBJC_MSGSEND = YES;
				ENABLE_TESTABILITY = YES;
				GCC_C_LANGUAGE_STANDARD = gnu11;
				GCC_DYNAMIC_NO_PIC = NO;
				GCC_NO_COMMON_BLOCKS = YES;
				GCC_OPTIMIZATION_LEVEL = 0;
				GCC_PREPROCESSOR_DEFINITIONS = (
					"DEBUG=1",
					"$(inherited)",
				);
				GCC_WARN_64_TO_32_BIT_CONVERSION = YES;
				GCC_WARN_ABOUT_RETURN_TYPE = YES_ERROR;
				GCC_WARN_UNDECLARED_SELECTOR = YES;
				GCC_WARN_UNINITIALIZED_AUTOS = YES_AGGRESSIVE;
				GCC_WARN_UNUSED_FUNCTION = YES;
				GCC_WARN_UNUSED_VARIABLE = YES;
				IPHONEOS_DEPLOYMENT_TARGET = 12.1;
				MTL_ENABLE_DEBUG_INFO = INCLUDE_SOURCE;
				MTL_FAST_MATH = YES;
				ONLY_ACTIVE_ARCH = YES;
				SDKROOT = iphoneos;
				SWIFT_ACTIVE_COMPILATION_CONDITIONS = DEBUG;
				SWIFT_OPTIMIZATION_LEVEL = "-Onone";
			};
			name = Debug;
		};
		9B3478432234349F00AC333C /* Release */ = {
			isa = XCBuildConfiguration;
			buildSettings = {
				ALWAYS_SEARCH_USER_PATHS = NO;
				CLANG_ANALYZER_NONNULL = YES;
				CLANG_ANALYZER_NUMBER_OBJECT_CONVERSION = YES_AGGRESSIVE;
				CLANG_CXX_LANGUAGE_STANDARD = "gnu++14";
				CLANG_CXX_LIBRARY = "libc++";
				CLANG_ENABLE_MODULES = YES;
				CLANG_ENABLE_OBJC_ARC = YES;
				CLANG_ENABLE_OBJC_WEAK = YES;
				CLANG_WARN_BLOCK_CAPTURE_AUTORELEASING = YES;
				CLANG_WARN_BOOL_CONVERSION = YES;
				CLANG_WARN_COMMA = YES;
				CLANG_WARN_CONSTANT_CONVERSION = YES;
				CLANG_WARN_DEPRECATED_OBJC_IMPLEMENTATIONS = YES;
				CLANG_WARN_DIRECT_OBJC_ISA_USAGE = YES_ERROR;
				CLANG_WARN_DOCUMENTATION_COMMENTS = YES;
				CLANG_WARN_EMPTY_BODY = YES;
				CLANG_WARN_ENUM_CONVERSION = YES;
				CLANG_WARN_INFINITE_RECURSION = YES;
				CLANG_WARN_INT_CONVERSION = YES;
				CLANG_WARN_NON_LITERAL_NULL_CONVERSION = YES;
				CLANG_WARN_OBJC_IMPLICIT_RETAIN_SELF = YES;
				CLANG_WARN_OBJC_LITERAL_CONVERSION = YES;
				CLANG_WARN_OBJC_ROOT_CLASS = YES_ERROR;
				CLANG_WARN_RANGE_LOOP_ANALYSIS = YES;
				CLANG_WARN_STRICT_PROTOTYPES = YES;
				CLANG_WARN_SUSPICIOUS_MOVE = YES;
				CLANG_WARN_UNGUARDED_AVAILABILITY = YES_AGGRESSIVE;
				CLANG_WARN_UNREACHABLE_CODE = YES;
				CLANG_WARN__DUPLICATE_METHOD_MATCH = YES;
				CODE_SIGN_IDENTITY = "iPhone Developer";
				COPY_PHASE_STRIP = NO;
				DEBUG_INFORMATION_FORMAT = "dwarf-with-dsym";
				ENABLE_NS_ASSERTIONS = NO;
				ENABLE_STRICT_OBJC_MSGSEND = YES;
				GCC_C_LANGUAGE_STANDARD = gnu11;
				GCC_NO_COMMON_BLOCKS = YES;
				GCC_WARN_64_TO_32_BIT_CONVERSION = YES;
				GCC_WARN_ABOUT_RETURN_TYPE = YES_ERROR;
				GCC_WARN_UNDECLARED_SELECTOR = YES;
				GCC_WARN_UNINITIALIZED_AUTOS = YES_AGGRESSIVE;
				GCC_WARN_UNUSED_FUNCTION = YES;
				GCC_WARN_UNUSED_VARIABLE = YES;
				IPHONEOS_DEPLOYMENT_TARGET = 12.1;
				MTL_ENABLE_DEBUG_INFO = NO;
				MTL_FAST_MATH = YES;
				SDKROOT = iphoneos;
				SWIFT_COMPILATION_MODE = wholemodule;
				SWIFT_OPTIMIZATION_LEVEL = "-O";
				VALIDATE_PRODUCT = YES;
			};
			name = Release;
		};
		9B3478452234349F00AC333C /* Debug */ = {
			isa = XCBuildConfiguration;
			buildSettings = {
				ASSETCATALOG_COMPILER_APPICON_NAME = AppIcon;
				CODE_SIGN_STYLE = Automatic;
				INFOPLIST_FILE = "Sat(09-03)iOS/Info.plist";
				LD_RUNPATH_SEARCH_PATHS = (
					"$(inherited)",
					"@executable_path/Frameworks",
				);
				PRODUCT_BUNDLE_IDENTIFIER = "CestarCollege.Sat-09-03-iOS";
				PRODUCT_NAME = "$(TARGET_NAME)";
				SWIFT_VERSION = 4.2;
				TARGETED_DEVICE_FAMILY = "1,2";
			};
			name = Debug;
		};
		9B3478462234349F00AC333C /* Release */ = {
			isa = XCBuildConfiguration;
			buildSettings = {
				ASSETCATALOG_COMPILER_APPICON_NAME = AppIcon;
				CODE_SIGN_STYLE = Automatic;
				INFOPLIST_FILE = "Sat(09-03)iOS/Info.plist";
				LD_RUNPATH_SEARCH_PATHS = (
					"$(inherited)",
					"@executable_path/Frameworks",
				);
				PRODUCT_BUNDLE_IDENTIFIER = "CestarCollege.Sat-09-03-iOS";
				PRODUCT_NAME = "$(TARGET_NAME)";
				SWIFT_VERSION = 4.2;
				TARGETED_DEVICE_FAMILY = "1,2";
			};
			name = Release;
		};
/* End XCBuildConfiguration section */

/* Begin XCConfigurationList section */
		9B34782D2234349F00AC333C /* Build configuration list for PBXProject "Sat(09-03)iOS" */ = {
			isa = XCConfigurationList;
			buildConfigurations = (
				9B3478422234349F00AC333C /* Debug */,
				9B3478432234349F00AC333C /* Release */,
			);
			defaultConfigurationIsVisible = 0;
			defaultConfigurationName = Release;
		};
		9B3478442234349F00AC333C /* Build configuration list for PBXNativeTarget "Sat(09-03)iOS" */ = {
			isa = XCConfigurationList;
			buildConfigurations = (
				9B3478452234349F00AC333C /* Debug */,
				9B3478462234349F00AC333C /* Release */,
			);
			defaultConfigurationIsVisible = 0;
			defaultConfigurationName = Release;
		};
/* End XCConfigurationList section */
	};
	rootObject = 9B34782A2234349F00AC333C /* Project object */;
}
